// !$*UTF8*$!
{
	archiveVersion = 1;
	classes = {
	};
	objectVersion = 46;
	objects = {

/* Begin PBXBuildFile section */
		C105B8DD16A4715E00789EA1 /* UIKit.framework in Frameworks */ = {isa = PBXBuildFile; fileRef = C105B8DC16A4715E00789EA1 /* UIKit.framework */; };
		C105B8DF16A4715E00789EA1 /* Foundation.framework in Frameworks */ = {isa = PBXBuildFile; fileRef = C105B8DE16A4715E00789EA1 /* Foundation.framework */; };
		C105B8E116A4715E00789EA1 /* CoreGraphics.framework in Frameworks */ = {isa = PBXBuildFile; fileRef = C105B8E016A4715E00789EA1 /* CoreGraphics.framework */; };
		C105B8E716A4715E00789EA1 /* InfoPlist.strings in Resources */ = {isa = PBXBuildFile; fileRef = C105B8E516A4715E00789EA1 /* InfoPlist.strings */; };
		C105B8E916A4715E00789EA1 /* main.m in Sources */ = {isa = PBXBuildFile; fileRef = C105B8E816A4715E00789EA1 /* main.m */; };
		C105B8ED16A4715E00789EA1 /* CPV_AppDelegate.m in Sources */ = {isa = PBXBuildFile; fileRef = C105B8EC16A4715E00789EA1 /* CPV_AppDelegate.m */; };
		C105B8EF16A4715E00789EA1 /* Default.png in Resources */ = {isa = PBXBuildFile; fileRef = C105B8EE16A4715E00789EA1 /* Default.png */; };
		C105B8F116A4715E00789EA1 /* Default@2x.png in Resources */ = {isa = PBXBuildFile; fileRef = C105B8F016A4715E00789EA1 /* Default@2x.png */; };
		C105B8F316A4715E00789EA1 /* Default-568h@2x.png in Resources */ = {isa = PBXBuildFile; fileRef = C105B8F216A4715E00789EA1 /* Default-568h@2x.png */; };
		C105B8F616A4715E00789EA1 /* CPV_ViewController.m in Sources */ = {isa = PBXBuildFile; fileRef = C105B8F516A4715E00789EA1 /* CPV_ViewController.m */; };
		C105B8F916A4715E00789EA1 /* CPV_ViewController_iPhone.xib in Resources */ = {isa = PBXBuildFile; fileRef = C105B8F716A4715E00789EA1 /* CPV_ViewController_iPhone.xib */; };
		C105B8FC16A4715E00789EA1 /* CPV_ViewController_iPad.xib in Resources */ = {isa = PBXBuildFile; fileRef = C105B8FA16A4715E00789EA1 /* CPV_ViewController_iPad.xib */; };
		C105B90616A4A7C200789EA1 /* CubePageView.m in Sources */ = {isa = PBXBuildFile; fileRef = C105B90516A4A7C200789EA1 /* CubePageView.m */; };
		C105B90816A4A83A00789EA1 /* QuartzCore.framework in Frameworks */ = {isa = PBXBuildFile; fileRef = C105B90716A4A83A00789EA1 /* QuartzCore.framework */; };
/* End PBXBuildFile section */

/* Begin PBXFileReference section */
		C105B8D816A4715E00789EA1 /* CubePageView.app */ = {isa = PBXFileReference; explicitFileType = wrapper.application; includeInIndex = 0; path = CubePageView.app; sourceTree = BUILT_PRODUCTS_DIR; };
		C105B8DC16A4715E00789EA1 /* UIKit.framework */ = {isa = PBXFileReference; lastKnownFileType = wrapper.framework; name = UIKit.framework; path = System/Library/Frameworks/UIKit.framework; sourceTree = SDKROOT; };
		C105B8DE16A4715E00789EA1 /* Foundation.framework */ = {isa = PBXFileReference; lastKnownFileType = wrapper.framework; name = Foundation.framework; path = System/Library/Frameworks/Foundation.framework; sourceTree = SDKROOT; };
		C105B8E016A4715E00789EA1 /* CoreGraphics.framework */ = {isa = PBXFileReference; lastKnownFileType = wrapper.framework; name = CoreGraphics.framework; path = System/Library/Frameworks/CoreGraphics.framework; sourceTree = SDKROOT; };
		C105B8E416A4715E00789EA1 /* CubePageView-Info.plist */ = {isa = PBXFileReference; lastKnownFileType = text.plist.xml; path = "CubePageView-Info.plist"; sourceTree = "<group>"; };
		C105B8E616A4715E00789EA1 /* en */ = {isa = PBXFileReference; lastKnownFileType = text.plist.strings; name = en; path = en.lproj/InfoPlist.strings; sourceTree = "<group>"; };
		C105B8E816A4715E00789EA1 /* main.m */ = {isa = PBXFileReference; lastKnownFileType = sourcecode.c.objc; path = main.m; sourceTree = "<group>"; };
		C105B8EA16A4715E00789EA1 /* CubePageView-Prefix.pch */ = {isa = PBXFileReference; lastKnownFileType = sourcecode.c.h; path = "CubePageView-Prefix.pch"; sourceTree = "<group>"; };
		C105B8EB16A4715E00789EA1 /* CPV_AppDelegate.h */ = {isa = PBXFileReference; lastKnownFileType = sourcecode.c.h; path = CPV_AppDelegate.h; sourceTree = "<group>"; };
		C105B8EC16A4715E00789EA1 /* CPV_AppDelegate.m */ = {isa = PBXFileReference; lastKnownFileType = sourcecode.c.objc; path = CPV_AppDelegate.m; sourceTree = "<group>"; };
		C105B8EE16A4715E00789EA1 /* Default.png */ = {isa = PBXFileReference; lastKnownFileType = image.png; path = Default.png; sourceTree = "<group>"; };
		C105B8F016A4715E00789EA1 /* Default@2x.png */ = {isa = PBXFileReference; lastKnownFileType = image.png; path = "Default@2x.png"; sourceTree = "<group>"; };
		C105B8F216A4715E00789EA1 /* Default-568h@2x.png */ = {isa = PBXFileReference; lastKnownFileType = image.png; path = "Default-568h@2x.png"; sourceTree = "<group>"; };
		C105B8F416A4715E00789EA1 /* CPV_ViewController.h */ = {isa = PBXFileReference; lastKnownFileType = sourcecode.c.h; path = CPV_ViewController.h; sourceTree = "<group>"; };
		C105B8F516A4715E00789EA1 /* CPV_ViewController.m */ = {isa = PBXFileReference; lastKnownFileType = sourcecode.c.objc; path = CPV_ViewController.m; sourceTree = "<group>"; };
		C105B8F816A4715E00789EA1 /* en */ = {isa = PBXFileReference; lastKnownFileType = file.xib; name = en; path = en.lproj/CPV_ViewController_iPhone.xib; sourceTree = "<group>"; };
		C105B8FB16A4715E00789EA1 /* en */ = {isa = PBXFileReference; lastKnownFileType = file.xib; name = en; path = en.lproj/CPV_ViewController_iPad.xib; sourceTree = "<group>"; };
		C105B90416A4A7C200789EA1 /* CubePageView.h */ = {isa = PBXFileReference; fileEncoding = 4; lastKnownFileType = sourcecode.c.h; path = CubePageView.h; sourceTree = "<group>"; };
		C105B90516A4A7C200789EA1 /* CubePageView.m */ = {isa = PBXFileReference; fileEncoding = 4; lastKnownFileType = sourcecode.c.objc; path = CubePageView.m; sourceTree = "<group>"; };
		C105B90716A4A83A00789EA1 /* QuartzCore.framework */ = {isa = PBXFileReference; lastKnownFileType = wrapper.framework; name = QuartzCore.framework; path = System/Library/Frameworks/QuartzCore.framework; sourceTree = SDKROOT; };
/* End PBXFileReference section */

/* Begin PBXFrameworksBuildPhase section */
		C105B8D516A4715E00789EA1 /* Frameworks */ = {
			isa = PBXFrameworksBuildPhase;
			buildActionMask = 2147483647;
			files = (
				C105B90816A4A83A00789EA1 /* QuartzCore.framework in Frameworks */,
				C105B8DD16A4715E00789EA1 /* UIKit.framework in Frameworks */,
				C105B8DF16A4715E00789EA1 /* Foundation.framework in Frameworks */,
				C105B8E116A4715E00789EA1 /* CoreGraphics.framework in Frameworks */,
			);
			runOnlyForDeploymentPostprocessing = 0;
		};
/* End PBXFrameworksBuildPhase section */

/* Begin PBXGroup section */
		C105B8CD16A4715E00789EA1 = {
			isa = PBXGroup;
			children = (
				C105B8E216A4715E00789EA1 /* CubePageView */,
				C105B8DB16A4715E00789EA1 /* Frameworks */,
				C105B8D916A4715E00789EA1 /* Products */,
			);
			sourceTree = "<group>";
		};
		C105B8D916A4715E00789EA1 /* Products */ = {
			isa = PBXGroup;
			children = (
				C105B8D816A4715E00789EA1 /* CubePageView.app */,
			);
			name = Products;
			sourceTree = "<group>";
		};
		C105B8DB16A4715E00789EA1 /* Frameworks */ = {
			isa = PBXGroup;
			children = (
				C105B90716A4A83A00789EA1 /* QuartzCore.framework */,
				C105B8DC16A4715E00789EA1 /* UIKit.framework */,
				C105B8DE16A4715E00789EA1 /* Foundation.framework */,
				C105B8E016A4715E00789EA1 /* CoreGraphics.framework */,
			);
			name = Frameworks;
			sourceTree = "<group>";
		};
		C105B8E216A4715E00789EA1 /* CubePageView */ = {
			isa = PBXGroup;
			children = (
				C105B90316A4A7C200789EA1 /* CubePageView */,
				C105B8EB16A4715E00789EA1 /* CPV_AppDelegate.h */,
				C105B8EC16A4715E00789EA1 /* CPV_AppDelegate.m */,
				C105B8F416A4715E00789EA1 /* CPV_ViewController.h */,
				C105B8F516A4715E00789EA1 /* CPV_ViewController.m */,
				C105B8F716A4715E00789EA1 /* CPV_ViewController_iPhone.xib */,
				C105B8FA16A4715E00789EA1 /* CPV_ViewController_iPad.xib */,
				C105B8E316A4715E00789EA1 /* Supporting Files */,
			);
			path = CubePageView;
			sourceTree = "<group>";
		};
		C105B8E316A4715E00789EA1 /* Supporting Files */ = {
			isa = PBXGroup;
			children = (
				C105B8E416A4715E00789EA1 /* CubePageView-Info.plist */,
				C105B8E516A4715E00789EA1 /* InfoPlist.strings */,
				C105B8E816A4715E00789EA1 /* main.m */,
				C105B8EA16A4715E00789EA1 /* CubePageView-Prefix.pch */,
				C105B8EE16A4715E00789EA1 /* Default.png */,
				C105B8F016A4715E00789EA1 /* Default@2x.png */,
				C105B8F216A4715E00789EA1 /* Default-568h@2x.png */,
			);
			name = "Supporting Files";
			sourceTree = "<group>";
		};
		C105B90316A4A7C200789EA1 /* CubePageView */ = {
			isa = PBXGroup;
			children = (
				C105B90416A4A7C200789EA1 /* CubePageView.h */,
				C105B90516A4A7C200789EA1 /* CubePageView.m */,
			);
			path = CubePageView;
			sourceTree = "<group>";
		};
/* End PBXGroup section */

/* Begin PBXNativeTarget section */
		C105B8D716A4715E00789EA1 /* CubePageView */ = {
			isa = PBXNativeTarget;
			buildConfigurationList = C105B8FF16A4715E00789EA1 /* Build configuration list for PBXNativeTarget "CubePageView" */;
			buildPhases = (
				C105B8D416A4715E00789EA1 /* Sources */,
				C105B8D516A4715E00789EA1 /* Frameworks */,
				C105B8D616A4715E00789EA1 /* Resources */,
			);
			buildRules = (
			);
			dependencies = (
			);
			name = CubePageView;
			productName = CubePageView;
			productReference = C105B8D816A4715E00789EA1 /* CubePageView.app */;
			productType = "com.apple.product-type.application";
		};
/* End PBXNativeTarget section */

/* Begin PBXProject section */
		C105B8CF16A4715E00789EA1 /* Project object */ = {
			isa = PBXProject;
			attributes = {
				CLASSPREFIX = CPV_;
				LastUpgradeCheck = 0450;
				ORGANIZATIONNAME = Ghinzu_iOS;
			};
			buildConfigurationList = C105B8D216A4715E00789EA1 /* Build configuration list for PBXProject "CubePageView" */;
			compatibilityVersion = "Xcode 3.2";
			developmentRegion = English;
			hasScannedForEncodings = 0;
			knownRegions = (
				en,
			);
			mainGroup = C105B8CD16A4715E00789EA1;
			productRefGroup = C105B8D916A4715E00789EA1 /* Products */;
			projectDirPath = "";
			projectRoot = "";
			targets = (
				C105B8D716A4715E00789EA1 /* CubePageView */,
			);
		};
/* End PBXProject section */

/* Begin PBXResourcesBuildPhase section */
		C105B8D616A4715E00789EA1 /* Resources */ = {
			isa = PBXResourcesBuildPhase;
			buildActionMask = 2147483647;
			files = (
				C105B8E716A4715E00789EA1 /* InfoPlist.strings in Resources */,
				C105B8EF16A4715E00789EA1 /* Default.png in Resources */,
				C105B8F116A4715E00789EA1 /* Default@2x.png in Resources */,
				C105B8F316A4715E00789EA1 /* Default-568h@2x.png in Resources */,
				C105B8F916A4715E00789EA1 /* CPV_ViewController_iPhone.xib in Resources */,
				C105B8FC16A4715E00789EA1 /* CPV_ViewController_iPad.xib in Resources */,
			);
			runOnlyForDeploymentPostprocessing = 0;
		};
/* End PBXResourcesBuildPhase section */

/* Begin PBXSourcesBuildPhase section */
		C105B8D416A4715E00789EA1 /* Sources */ = {
			isa = PBXSourcesBuildPhase;
			buildActionMask = 2147483647;
			files = (
				C105B8E916A4715E00789EA1 /* main.m in Sources */,
				C105B8ED16A4715E00789EA1 /* CPV_AppDelegate.m in Sources */,
				C105B8F616A4715E00789EA1 /* CPV_ViewController.m in Sources */,
				C105B90616A4A7C200789EA1 /* CubePageView.m in Sources */,
			);
			runOnlyForDeploymentPostprocessing = 0;
		};
/* End PBXSourcesBuildPhase section */

/* Begin PBXVariantGroup section */
		C105B8E516A4715E00789EA1 /* InfoPlist.strings */ = {
			isa = PBXVariantGroup;
			children = (
				C105B8E616A4715E00789EA1 /* en */,
			);
			name = InfoPlist.strings;
			sourceTree = "<group>";
		};
		C105B8F716A4715E00789EA1 /* CPV_ViewController_iPhone.xib */ = {
			isa = PBXVariantGroup;
			children = (
				C105B8F816A4715E00789EA1 /* en */,
			);
			name = CPV_ViewController_iPhone.xib;
			sourceTree = "<group>";
		};
		C105B8FA16A4715E00789EA1 /* CPV_ViewController_iPad.xib */ = {
			isa = PBXVariantGroup;
			children = (
				C105B8FB16A4715E00789EA1 /* en */,
			);
			name = CPV_ViewController_iPad.xib;
			sourceTree = "<group>";
		};
/* End PBXVariantGroup section */

/* Begin XCBuildConfiguration section */
		C105B8FD16A4715E00789EA1 /* Debug */ = {
			isa = XCBuildConfiguration;
			buildSettings = {
				ALWAYS_SEARCH_USER_PATHS = NO;
				CLANG_CXX_LANGUAGE_STANDARD = "gnu++0x";
				CLANG_CXX_LIBRARY = "libc++";
				CLANG_WARN_EMPTY_BODY = YES;
				CLANG_WARN__DUPLICATE_METHOD_MATCH = YES;
				"CODE_SIGN_IDENTITY[sdk=iphoneos*]" = "iPhone Developer";
				COPY_PHASE_STRIP = NO;
				GCC_C_LANGUAGE_STANDARD = gnu99;
				GCC_DYNAMIC_NO_PIC = NO;
				GCC_OPTIMIZATION_LEVEL = 0;
				GCC_PREPROCESSOR_DEFINITIONS = (
					"DEBUG=1",
					"$(inherited)",
				);
				GCC_SYMBOLS_PRIVATE_EXTERN = NO;
				GCC_WARN_ABOUT_RETURN_TYPE = YES;
				GCC_WARN_UNINITIALIZED_AUTOS = YES;
				GCC_WARN_UNUSED_VARIABLE = YES;
				IPHONEOS_DEPLOYMENT_TARGET = 5.0;
				ONLY_ACTIVE_ARCH = YES;
				SDKROOT = iphoneos;
				TARGETED_DEVICE_FAMILY = "1,2";
			};
			name = Debug;
		};
		C105B8FE16A4715E00789EA1 /* Release */ = {
			isa = XCBuildConfiguration;
			buildSettings = {
				ALWAYS_SEARCH_USER_PATHS = NO;
				CLANG_CXX_LANGUAGE_STANDARD = "gnu++0x";
				CLANG_CXX_LIBRARY = "libc++";
				CLANG_WARN_EMPTY_BODY = YES;
				CLANG_WARN__DUPLICATE_METHOD_MATCH = YES;
				"CODE_SIGN_IDENTITY[sdk=iphoneos*]" = "iPhone Developer";
				COPY_PHASE_STRIP = YES;
				GCC_C_LANGUAGE_STANDARD = gnu99;
				GCC_WARN_ABOUT_RETURN_TYPE = YES;
				GCC_WARN_UNINITIALIZED_AUTOS = YES;
				GCC_WARN_UNUSED_VARIABLE = YES;
				IPHONEOS_DEPLOYMENT_TARGET = 5.0;
				OTHER_CFLAGS = "-DNS_BLOCK_ASSERTIONS=1";
				SDKROOT = iphoneos;
				TARGETED_DEVICE_FAMILY = "1,2";
				VALIDATE_PRODUCT = YES;
			};
			name = Release;
		};
		C105B90016A4715E00789EA1 /* Debug */ = {
			isa = XCBuildConfiguration;
			buildSettings = {
				GCC_PRECOMPILE_PREFIX_HEADER = YES;
				GCC_PREFIX_HEADER = "CubePageView/CubePageView-Prefix.pch";
				INFOPLIST_FILE = "CubePageView/CubePageView-Info.plist";
				PRODUCT_NAME = "$(TARGET_NAME)";
				WRAPPER_EXTENSION = app;
			};
			name = Debug;
		};
		C105B90116A4715E00789EA1 /* Release */ = {
			isa = XCBuildConfiguration;
			buildSettings = {
				GCC_PRECOMPILE_PREFIX_HEADER = YES;
				GCC_PREFIX_HEADER = "CubePageView/CubePageView-Prefix.pch";
				INFOPLIST_FILE = "CubePageView/CubePageView-Info.plist";
				PRODUCT_NAME = "$(TARGET_NAME)";
				WRAPPER_EXTENSION = app;
			};
			name = Release;
		};
/* End XCBuildConfiguration section */

/* Begin XCConfigurationList section */
		C105B8D216A4715E00789EA1 /* Build configuration list for PBXProject "CubePageView" */ = {
			isa = XCConfigurationList;
			buildConfigurations = (
				C105B8FD16A4715E00789EA1 /* Debug */,
				C105B8FE16A4715E00789EA1 /* Release */,
			);
			defaultConfigurationIsVisible = 0;
			defaultConfigurationName = Release;
		};
		C105B8FF16A4715E00789EA1 /* Build configuration list for PBXNativeTarget "CubePageView" */ = {
			isa = XCConfigurationList;
			buildConfigurations = (
				C105B90016A4715E00789EA1 /* Debug */,
				C105B90116A4715E00789EA1 /* Release */,
			);
			defaultConfigurationIsVisible = 0;
		};
/* End XCConfigurationList section */
	};
	rootObject = C105B8CF16A4715E00789EA1 /* Project object */;
}
